
Microsoft Visual Studio Solution File, Format Version 12.00
# Visual Studio Version 17
VisualStudioVersion = 17.4.33213.308
MinimumVisualStudioVersion = 10.0.40219.1
Project("{FAE04EC0-301F-11D3-BF4B-00C04F79EFBC}") = "DocumentManager", "DocumentsCSVReader\DocumentManager.csproj", "{90419414-98E2-4C1E-A80B-FA1E1EAFB150}"
EndProject
Global
	GlobalSection(SolutionConfigurationPlatforms) = preSolution
		Debug|Any CPU = Debug|Any CPU
		Release|Any CPU = Release|Any CPU
	EndGlobalSection
	GlobalSection(ProjectConfigurationPlatforms) = postSolution
		{90419414-98E2-4C1E-A80B-FA1E1EAFB150}.Debug|Any CPU.ActiveCfg = Debug|Any CPU
		{90419414-98E2-4C1E-A80B-FA1E1EAFB150}.Debug|Any CPU.Build.0 = Debug|Any CPU
		{90419414-98E2-4C1E-A80B-FA1E1EAFB150}.Release|Any CPU.ActiveCfg = Release|Any CPU
		{90419414-98E2-4C1E-A80B-FA1E1EAFB150}.Release|Any CPU.Build.0 = Release|Any CPU
	EndGlobalSection
	GlobalSection(SolutionProperties) = preSolution
		HideSolutionNode = FALSE
	EndGlobalSection
	GlobalSection(ExtensibilityGlobals) = postSolution
		SolutionGuid = {29DEDB50-73CC-4BD1-A106-FB4FEB7883A1}
	EndGlobalSection
EndGlobal
